
Microsoft Visual Studio Solution File, Format Version 12.00
# Visual Studio Version 17
VisualStudioVersion = 17.10.34916.146
MinimumVisualStudioVersion = 10.0.40219.1
Project("{9A19103F-16F7-4668-BE54-9A1E7A4F7556}") = "ProjAndreVeiculos", "ProjAndreVeiculos\ProjAndreVeiculos.csproj", "{91426B89-4FBB-4215-86E6-0933AB836FAD}"
EndProject
Project("{9A19103F-16F7-4668-BE54-9A1E7A4F7556}") = "Models", "Models\Models.csproj", "{2B470BB5-4814-4365-81A8-9035F50D8662}"
EndProject
Project("{9A19103F-16F7-4668-BE54-9A1E7A4F7556}") = "Controllers", "Controllers\Controllers.csproj", "{211A316C-5888-461F-AC07-23CC497E698B}"
EndProject
Project("{9A19103F-16F7-4668-BE54-9A1E7A4F7556}") = "Repositories", "Repositories\Repositories.csproj", "{21DF83C4-C377-4A0B-874F-7A8BC0ADB5A8}"
EndProject
Project("{9A19103F-16F7-4668-BE54-9A1E7A4F7556}") = "Services", "Services\Services.csproj", "{2CDB4932-EF08-4D12-B073-A40F2AE52439}"
EndProject
Project("{9A19103F-16F7-4668-BE54-9A1E7A4F7556}") = "APICar", "APICar\APICar.csproj", "{4D3A7342-ED7A-4F1F-8A19-20E45541BFB2}"
EndProject
Project("{9A19103F-16F7-4668-BE54-9A1E7A4F7556}") = "APICustomer", "APICustomer\APICustomer.csproj", "{25C81088-5CDB-443B-AFC0-8EA5F6E437D5}"
EndProject
Project("{9A19103F-16F7-4668-BE54-9A1E7A4F7556}") = "APIPayment", "APIPayment\APIPayment.csproj", "{8BFEF5FA-66E4-4254-88E2-7D6B74DEEB0C}"
EndProject
Project("{9A19103F-16F7-4668-BE54-9A1E7A4F7556}") = "APIOperation", "APIOperation\APIOperation.csproj", "{914285A8-008E-4413-857D-F813A6658123}"
EndProject
Project("{9A19103F-16F7-4668-BE54-9A1E7A4F7556}") = "APISale", "APISale\APISale.csproj", "{8B985B3A-5D9F-4FC3-94C7-B34DEDD8EA49}"
EndProject
Project("{9A19103F-16F7-4668-BE54-9A1E7A4F7556}") = "APIAcquisition", "APIAcquisition\APIAcquisition.csproj", "{4F8D2B51-715D-452B-AEA9-1C4407479228}"
EndProject
Project("{9A19103F-16F7-4668-BE54-9A1E7A4F7556}") = "APICarOperation", "APICarOperation\APICarOperation.csproj", "{75E1111B-F68E-4A87-B2DD-5779D888AE4D}"
EndProject
Project("{9A19103F-16F7-4668-BE54-9A1E7A4F7556}") = "APIEmployee", "APIEmployee\APIEmployee.csproj", "{7DCD2745-2D9E-48FB-A627-5318503C3295}"
EndProject
Project("{9A19103F-16F7-4668-BE54-9A1E7A4F7556}") = "APIAddress", "APIAddress\APIAddress.csproj", "{115899B4-6357-4C11-9CE5-E54BC6C7B8F7}"
EndProject
Project("{FAE04EC0-301F-11D3-BF4B-00C04F79EFBC}") = "APIRole", "APIRole\APIRole.csproj", "{1E704B12-A919-4A6D-BF79-067C5D6589AF}"
EndProject
Project("{FAE04EC0-301F-11D3-BF4B-00C04F79EFBC}") = "APIBoleto", "APIBoleto\APIBoleto.csproj", "{3997C430-9238-44DD-AAF2-B391D241F081}"
EndProject
Global
	GlobalSection(SolutionConfigurationPlatforms) = preSolution
		Debug|Any CPU = Debug|Any CPU
		Release|Any CPU = Release|Any CPU
	EndGlobalSection
	GlobalSection(ProjectConfigurationPlatforms) = postSolution
		{91426B89-4FBB-4215-86E6-0933AB836FAD}.Debug|Any CPU.ActiveCfg = Debug|Any CPU
		{91426B89-4FBB-4215-86E6-0933AB836FAD}.Debug|Any CPU.Build.0 = Debug|Any CPU
		{91426B89-4FBB-4215-86E6-0933AB836FAD}.Release|Any CPU.ActiveCfg = Release|Any CPU
		{91426B89-4FBB-4215-86E6-0933AB836FAD}.Release|Any CPU.Build.0 = Release|Any CPU
		{2B470BB5-4814-4365-81A8-9035F50D8662}.Debug|Any CPU.ActiveCfg = Debug|Any CPU
		{2B470BB5-4814-4365-81A8-9035F50D8662}.Debug|Any CPU.Build.0 = Debug|Any CPU
		{2B470BB5-4814-4365-81A8-9035F50D8662}.Release|Any CPU.ActiveCfg = Release|Any CPU
		{2B470BB5-4814-4365-81A8-9035F50D8662}.Release|Any CPU.Build.0 = Release|Any CPU
		{211A316C-5888-461F-AC07-23CC497E698B}.Debug|Any CPU.ActiveCfg = Debug|Any CPU
		{211A316C-5888-461F-AC07-23CC497E698B}.Debug|Any CPU.Build.0 = Debug|Any CPU
		{211A316C-5888-461F-AC07-23CC497E698B}.Release|Any CPU.ActiveCfg = Release|Any CPU
		{211A316C-5888-461F-AC07-23CC497E698B}.Release|Any CPU.Build.0 = Release|Any CPU
		{21DF83C4-C377-4A0B-874F-7A8BC0ADB5A8}.Debug|Any CPU.ActiveCfg = Debug|Any CPU
		{21DF83C4-C377-4A0B-874F-7A8BC0ADB5A8}.Debug|Any CPU.Build.0 = Debug|Any CPU
		{21DF83C4-C377-4A0B-874F-7A8BC0ADB5A8}.Release|Any CPU.ActiveCfg = Release|Any CPU
		{21DF83C4-C377-4A0B-874F-7A8BC0ADB5A8}.Release|Any CPU.Build.0 = Release|Any CPU
		{2CDB4932-EF08-4D12-B073-A40F2AE52439}.Debug|Any CPU.ActiveCfg = Debug|Any CPU
		{2CDB4932-EF08-4D12-B073-A40F2AE52439}.Debug|Any CPU.Build.0 = Debug|Any CPU
		{2CDB4932-EF08-4D12-B073-A40F2AE52439}.Release|Any CPU.ActiveCfg = Release|Any CPU
		{2CDB4932-EF08-4D12-B073-A40F2AE52439}.Release|Any CPU.Build.0 = Release|Any CPU
		{4D3A7342-ED7A-4F1F-8A19-20E45541BFB2}.Debug|Any CPU.ActiveCfg = Debug|Any CPU
		{4D3A7342-ED7A-4F1F-8A19-20E45541BFB2}.Debug|Any CPU.Build.0 = Debug|Any CPU
		{4D3A7342-ED7A-4F1F-8A19-20E45541BFB2}.Release|Any CPU.ActiveCfg = Release|Any CPU
		{4D3A7342-ED7A-4F1F-8A19-20E45541BFB2}.Release|Any CPU.Build.0 = Release|Any CPU
		{25C81088-5CDB-443B-AFC0-8EA5F6E437D5}.Debug|Any CPU.ActiveCfg = Debug|Any CPU
		{25C81088-5CDB-443B-AFC0-8EA5F6E437D5}.Debug|Any CPU.Build.0 = Debug|Any CPU
		{25C81088-5CDB-443B-AFC0-8EA5F6E437D5}.Release|Any CPU.ActiveCfg = Release|Any CPU
		{25C81088-5CDB-443B-AFC0-8EA5F6E437D5}.Release|Any CPU.Build.0 = Release|Any CPU
		{8BFEF5FA-66E4-4254-88E2-7D6B74DEEB0C}.Debug|Any CPU.ActiveCfg = Debug|Any CPU
		{8BFEF5FA-66E4-4254-88E2-7D6B74DEEB0C}.Debug|Any CPU.Build.0 = Debug|Any CPU
		{8BFEF5FA-66E4-4254-88E2-7D6B74DEEB0C}.Release|Any CPU.ActiveCfg = Release|Any CPU
		{8BFEF5FA-66E4-4254-88E2-7D6B74DEEB0C}.Release|Any CPU.Build.0 = Release|Any CPU
		{914285A8-008E-4413-857D-F813A6658123}.Debug|Any CPU.ActiveCfg = Debug|Any CPU
		{914285A8-008E-4413-857D-F813A6658123}.Debug|Any CPU.Build.0 = Debug|Any CPU
		{914285A8-008E-4413-857D-F813A6658123}.Release|Any CPU.ActiveCfg = Release|Any CPU
		{914285A8-008E-4413-857D-F813A6658123}.Release|Any CPU.Build.0 = Release|Any CPU
		{8B985B3A-5D9F-4FC3-94C7-B34DEDD8EA49}.Debug|Any CPU.ActiveCfg = Debug|Any CPU
		{8B985B3A-5D9F-4FC3-94C7-B34DEDD8EA49}.Debug|Any CPU.Build.0 = Debug|Any CPU
		{8B985B3A-5D9F-4FC3-94C7-B34DEDD8EA49}.Release|Any CPU.ActiveCfg = Release|Any CPU
		{8B985B3A-5D9F-4FC3-94C7-B34DEDD8EA49}.Release|Any CPU.Build.0 = Release|Any CPU
		{4F8D2B51-715D-452B-AEA9-1C4407479228}.Debug|Any CPU.ActiveCfg = Debug|Any CPU
		{4F8D2B51-715D-452B-AEA9-1C4407479228}.Debug|Any CPU.Build.0 = Debug|Any CPU
		{4F8D2B51-715D-452B-AEA9-1C4407479228}.Release|Any CPU.ActiveCfg = Release|Any CPU
		{4F8D2B51-715D-452B-AEA9-1C4407479228}.Release|Any CPU.Build.0 = Release|Any CPU
		{75E1111B-F68E-4A87-B2DD-5779D888AE4D}.Debug|Any CPU.ActiveCfg = Debug|Any CPU
		{75E1111B-F68E-4A87-B2DD-5779D888AE4D}.Debug|Any CPU.Build.0 = Debug|Any CPU
		{75E1111B-F68E-4A87-B2DD-5779D888AE4D}.Release|Any CPU.ActiveCfg = Release|Any CPU
		{75E1111B-F68E-4A87-B2DD-5779D888AE4D}.Release|Any CPU.Build.0 = Release|Any CPU
		{7DCD2745-2D9E-48FB-A627-5318503C3295}.Debug|Any CPU.ActiveCfg = Debug|Any CPU
		{7DCD2745-2D9E-48FB-A627-5318503C3295}.Debug|Any CPU.Build.0 = Debug|Any CPU
		{7DCD2745-2D9E-48FB-A627-5318503C3295}.Release|Any CPU.ActiveCfg = Release|Any CPU
		{7DCD2745-2D9E-48FB-A627-5318503C3295}.Release|Any CPU.Build.0 = Release|Any CPU
		{115899B4-6357-4C11-9CE5-E54BC6C7B8F7}.Debug|Any CPU.ActiveCfg = Debug|Any CPU
		{115899B4-6357-4C11-9CE5-E54BC6C7B8F7}.Debug|Any CPU.Build.0 = Debug|Any CPU
		{115899B4-6357-4C11-9CE5-E54BC6C7B8F7}.Release|Any CPU.ActiveCfg = Release|Any CPU
		{115899B4-6357-4C11-9CE5-E54BC6C7B8F7}.Release|Any CPU.Build.0 = Release|Any CPU
		{1E704B12-A919-4A6D-BF79-067C5D6589AF}.Debug|Any CPU.ActiveCfg = Debug|Any CPU
		{1E704B12-A919-4A6D-BF79-067C5D6589AF}.Debug|Any CPU.Build.0 = Debug|Any CPU
		{1E704B12-A919-4A6D-BF79-067C5D6589AF}.Release|Any CPU.ActiveCfg = Release|Any CPU
		{1E704B12-A919-4A6D-BF79-067C5D6589AF}.Release|Any CPU.Build.0 = Release|Any CPU
		{3997C430-9238-44DD-AAF2-B391D241F081}.Debug|Any CPU.ActiveCfg = Debug|Any CPU
		{3997C430-9238-44DD-AAF2-B391D241F081}.Debug|Any CPU.Build.0 = Debug|Any CPU
		{3997C430-9238-44DD-AAF2-B391D241F081}.Release|Any CPU.ActiveCfg = Release|Any CPU
		{3997C430-9238-44DD-AAF2-B391D241F081}.Release|Any CPU.Build.0 = Release|Any CPU
	EndGlobalSection
	GlobalSection(SolutionProperties) = preSolution
		HideSolutionNode = FALSE
	EndGlobalSection
	GlobalSection(ExtensibilityGlobals) = postSolution
		SolutionGuid = {E49D28CD-7DF2-41A8-8072-3C43FE68D8B4}
	EndGlobalSection
EndGlobal
