
Microsoft Visual Studio Solution File, Format Version 12.00
# Visual Studio Version 17
VisualStudioVersion = 17.10.34916.146
MinimumVisualStudioVersion = 10.0.40219.1
Project("{9A19103F-16F7-4668-BE54-9A1E7A4F7556}") = "ProjAndreVeiculos", "ProjAndreVeiculos\ProjAndreVeiculos.csproj", "{91426B89-4FBB-4215-86E6-0933AB836FAD}"
EndProject
Project("{9A19103F-16F7-4668-BE54-9A1E7A4F7556}") = "Models", "Models\Models.csproj", "{2B470BB5-4814-4365-81A8-9035F50D8662}"
EndProject
Project("{9A19103F-16F7-4668-BE54-9A1E7A4F7556}") = "Controllers", "Controllers\Controllers.csproj", "{211A316C-5888-461F-AC07-23CC497E698B}"
EndProject
Project("{9A19103F-16F7-4668-BE54-9A1E7A4F7556}") = "Repositories", "Repositories\Repositories.csproj", "{21DF83C4-C377-4A0B-874F-7A8BC0ADB5A8}"
EndProject
Project("{9A19103F-16F7-4668-BE54-9A1E7A4F7556}") = "Services", "Services\Services.csproj", "{2CDB4932-EF08-4D12-B073-A40F2AE52439}"
EndProject
Project("{9A19103F-16F7-4668-BE54-9A1E7A4F7556}") = "APICar", "APICar\APICar.csproj", "{4D3A7342-ED7A-4F1F-8A19-20E45541BFB2}"
EndProject
Project("{9A19103F-16F7-4668-BE54-9A1E7A4F7556}") = "APICustomer", "APICustomer\APICustomer.csproj", "{25C81088-5CDB-443B-AFC0-8EA5F6E437D5}"
EndProject
Project("{9A19103F-16F7-4668-BE54-9A1E7A4F7556}") = "APIPayment", "APIPayment\APIPayment.csproj", "{8BFEF5FA-66E4-4254-88E2-7D6B74DEEB0C}"
EndProject
Project("{9A19103F-16F7-4668-BE54-9A1E7A4F7556}") = "APIOperation", "APIOperation\APIOperation.csproj", "{914285A8-008E-4413-857D-F813A6658123}"
EndProject
Project("{9A19103F-16F7-4668-BE54-9A1E7A4F7556}") = "APISale", "APISale\APISale.csproj", "{8B985B3A-5D9F-4FC3-94C7-B34DEDD8EA49}"
EndProject
Project("{9A19103F-16F7-4668-BE54-9A1E7A4F7556}") = "APICarOperation", "APICarOperation\APICarOperation.csproj", "{75E1111B-F68E-4A87-B2DD-5779D888AE4D}"
EndProject
Project("{9A19103F-16F7-4668-BE54-9A1E7A4F7556}") = "APIEmployee", "APIEmployee\APIEmployee.csproj", "{7DCD2745-2D9E-48FB-A627-5318503C3295}"
EndProject
Project("{9A19103F-16F7-4668-BE54-9A1E7A4F7556}") = "APIAddress", "APIAddress\APIAddress.csproj", "{115899B4-6357-4C11-9CE5-E54BC6C7B8F7}"
EndProject
Project("{9A19103F-16F7-4668-BE54-9A1E7A4F7556}") = "APIRole", "APIRole\APIRole.csproj", "{1E704B12-A919-4A6D-BF79-067C5D6589AF}"
EndProject
Project("{9A19103F-16F7-4668-BE54-9A1E7A4F7556}") = "APIBoleto", "APIBoleto\APIBoleto.csproj", "{3997C430-9238-44DD-AAF2-B391D241F081}"
EndProject
Project("{9A19103F-16F7-4668-BE54-9A1E7A4F7556}") = "APIPixType", "APIPixType\APIPixType.csproj", "{19B685A8-D0DA-4E46-A67B-68DFE07A8011}"
EndProject
Project("{9A19103F-16F7-4668-BE54-9A1E7A4F7556}") = "APIPix", "APIPix\APIPix.csproj", "{BD467B89-5C86-4F2A-B795-4C54175D5E26}"
EndProject
Project("{9A19103F-16F7-4668-BE54-9A1E7A4F7556}") = "APICreditCard", "APICreditCard\APICreditCard.csproj", "{F737DA4F-981D-44ED-A3AB-67864C938A93}"
EndProject
Project("{9A19103F-16F7-4668-BE54-9A1E7A4F7556}") = "MongoDB", "MongoDB\MongoDB.csproj", "{8AD35AB8-1991-4184-8C4A-656E1F3CF021}"
EndProject
Project("{9A19103F-16F7-4668-BE54-9A1E7A4F7556}") = "APIDriver", "APIDriver\APIDriver.csproj", "{5D0047E4-181D-45D4-9B80-DFE23CB7C5A8}"
EndProject
Project("{9A19103F-16F7-4668-BE54-9A1E7A4F7556}") = "APIInsurance", "APIInsurance\APIInsurance.csproj", "{36D4A078-F72D-4517-9DFE-0CD1CF4C4EF5}"
EndProject
Project("{9A19103F-16F7-4668-BE54-9A1E7A4F7556}") = "APIDependent", "APIDependent\APIDependent.csproj", "{A06B105F-4972-416C-A32F-9234F1A551A5}"
EndProject
Project("{9A19103F-16F7-4668-BE54-9A1E7A4F7556}") = "APIFinancialPending", "APIFinancialPending\APIFinancialPending.csproj", "{DAF791F2-2966-4F97-AF56-7903BE8F5E4E}"
EndProject
Project("{9A19103F-16F7-4668-BE54-9A1E7A4F7556}") = "APIBank", "APIBank\APIBank.csproj", "{A61304D1-84CE-48A2-8358-68C6D50B41F2}"
EndProject
Project("{9A19103F-16F7-4668-BE54-9A1E7A4F7556}") = "APIFinancing", "APIFinancing\APIFinancing.csproj", "{CACF1070-E007-4594-973D-5E433A075497}"
EndProject
Project("{9A19103F-16F7-4668-BE54-9A1E7A4F7556}") = "APITermsOfUse", "APITermsOfUse\APITermsOfUse.csproj", "{EDF0EAF2-02E9-4985-8ED3-DD54C5204992}"
EndProject
Project("{2150E333-8FDC-42A3-9474-1A3956D46DE8}") = "Info", "Info", "{213E1689-E0A6-4C41-9396-EDB15AEC2FEC}"
	ProjectSection(SolutionItems) = preProject
		TextFile1.txt = TextFile1.txt
	EndProjectSection
EndProject
Project("{FAE04EC0-301F-11D3-BF4B-00C04F79EFBC}") = "DataAPI", "DataAPI\DataAPI.csproj", "{281154F7-B070-4655-899F-67F32BB7FCFD}"
EndProject
Project("{FAE04EC0-301F-11D3-BF4B-00C04F79EFBC}") = "APIAcquisition", "APIAcquisition\APIAcquisition.csproj", "{010C6055-0E59-4E4B-9184-33B06F08B28E}"
EndProject
Global
	GlobalSection(SolutionConfigurationPlatforms) = preSolution
		Debug|Any CPU = Debug|Any CPU
		Release|Any CPU = Release|Any CPU
	EndGlobalSection
	GlobalSection(ProjectConfigurationPlatforms) = postSolution
		{91426B89-4FBB-4215-86E6-0933AB836FAD}.Debug|Any CPU.ActiveCfg = Debug|Any CPU
		{91426B89-4FBB-4215-86E6-0933AB836FAD}.Debug|Any CPU.Build.0 = Debug|Any CPU
		{91426B89-4FBB-4215-86E6-0933AB836FAD}.Release|Any CPU.ActiveCfg = Release|Any CPU
		{91426B89-4FBB-4215-86E6-0933AB836FAD}.Release|Any CPU.Build.0 = Release|Any CPU
		{2B470BB5-4814-4365-81A8-9035F50D8662}.Debug|Any CPU.ActiveCfg = Debug|Any CPU
		{2B470BB5-4814-4365-81A8-9035F50D8662}.Debug|Any CPU.Build.0 = Debug|Any CPU
		{2B470BB5-4814-4365-81A8-9035F50D8662}.Release|Any CPU.ActiveCfg = Release|Any CPU
		{2B470BB5-4814-4365-81A8-9035F50D8662}.Release|Any CPU.Build.0 = Release|Any CPU
		{211A316C-5888-461F-AC07-23CC497E698B}.Debug|Any CPU.ActiveCfg = Debug|Any CPU
		{211A316C-5888-461F-AC07-23CC497E698B}.Debug|Any CPU.Build.0 = Debug|Any CPU
		{211A316C-5888-461F-AC07-23CC497E698B}.Release|Any CPU.ActiveCfg = Release|Any CPU
		{211A316C-5888-461F-AC07-23CC497E698B}.Release|Any CPU.Build.0 = Release|Any CPU
		{21DF83C4-C377-4A0B-874F-7A8BC0ADB5A8}.Debug|Any CPU.ActiveCfg = Debug|Any CPU
		{21DF83C4-C377-4A0B-874F-7A8BC0ADB5A8}.Debug|Any CPU.Build.0 = Debug|Any CPU
		{21DF83C4-C377-4A0B-874F-7A8BC0ADB5A8}.Release|Any CPU.ActiveCfg = Release|Any CPU
		{21DF83C4-C377-4A0B-874F-7A8BC0ADB5A8}.Release|Any CPU.Build.0 = Release|Any CPU
		{2CDB4932-EF08-4D12-B073-A40F2AE52439}.Debug|Any CPU.ActiveCfg = Debug|Any CPU
		{2CDB4932-EF08-4D12-B073-A40F2AE52439}.Debug|Any CPU.Build.0 = Debug|Any CPU
		{2CDB4932-EF08-4D12-B073-A40F2AE52439}.Release|Any CPU.ActiveCfg = Release|Any CPU
		{2CDB4932-EF08-4D12-B073-A40F2AE52439}.Release|Any CPU.Build.0 = Release|Any CPU
		{4D3A7342-ED7A-4F1F-8A19-20E45541BFB2}.Debug|Any CPU.ActiveCfg = Debug|Any CPU
		{4D3A7342-ED7A-4F1F-8A19-20E45541BFB2}.Debug|Any CPU.Build.0 = Debug|Any CPU
		{4D3A7342-ED7A-4F1F-8A19-20E45541BFB2}.Release|Any CPU.ActiveCfg = Release|Any CPU
		{4D3A7342-ED7A-4F1F-8A19-20E45541BFB2}.Release|Any CPU.Build.0 = Release|Any CPU
		{25C81088-5CDB-443B-AFC0-8EA5F6E437D5}.Debug|Any CPU.ActiveCfg = Debug|Any CPU
		{25C81088-5CDB-443B-AFC0-8EA5F6E437D5}.Debug|Any CPU.Build.0 = Debug|Any CPU
		{25C81088-5CDB-443B-AFC0-8EA5F6E437D5}.Release|Any CPU.ActiveCfg = Release|Any CPU
		{25C81088-5CDB-443B-AFC0-8EA5F6E437D5}.Release|Any CPU.Build.0 = Release|Any CPU
		{8BFEF5FA-66E4-4254-88E2-7D6B74DEEB0C}.Debug|Any CPU.ActiveCfg = Debug|Any CPU
		{8BFEF5FA-66E4-4254-88E2-7D6B74DEEB0C}.Debug|Any CPU.Build.0 = Debug|Any CPU
		{8BFEF5FA-66E4-4254-88E2-7D6B74DEEB0C}.Release|Any CPU.ActiveCfg = Release|Any CPU
		{8BFEF5FA-66E4-4254-88E2-7D6B74DEEB0C}.Release|Any CPU.Build.0 = Release|Any CPU
		{914285A8-008E-4413-857D-F813A6658123}.Debug|Any CPU.ActiveCfg = Debug|Any CPU
		{914285A8-008E-4413-857D-F813A6658123}.Debug|Any CPU.Build.0 = Debug|Any CPU
		{914285A8-008E-4413-857D-F813A6658123}.Release|Any CPU.ActiveCfg = Release|Any CPU
		{914285A8-008E-4413-857D-F813A6658123}.Release|Any CPU.Build.0 = Release|Any CPU
		{8B985B3A-5D9F-4FC3-94C7-B34DEDD8EA49}.Debug|Any CPU.ActiveCfg = Debug|Any CPU
		{8B985B3A-5D9F-4FC3-94C7-B34DEDD8EA49}.Debug|Any CPU.Build.0 = Debug|Any CPU
		{8B985B3A-5D9F-4FC3-94C7-B34DEDD8EA49}.Release|Any CPU.ActiveCfg = Release|Any CPU
		{8B985B3A-5D9F-4FC3-94C7-B34DEDD8EA49}.Release|Any CPU.Build.0 = Release|Any CPU
		{75E1111B-F68E-4A87-B2DD-5779D888AE4D}.Debug|Any CPU.ActiveCfg = Debug|Any CPU
		{75E1111B-F68E-4A87-B2DD-5779D888AE4D}.Debug|Any CPU.Build.0 = Debug|Any CPU
		{75E1111B-F68E-4A87-B2DD-5779D888AE4D}.Release|Any CPU.ActiveCfg = Release|Any CPU
		{75E1111B-F68E-4A87-B2DD-5779D888AE4D}.Release|Any CPU.Build.0 = Release|Any CPU
		{7DCD2745-2D9E-48FB-A627-5318503C3295}.Debug|Any CPU.ActiveCfg = Debug|Any CPU
		{7DCD2745-2D9E-48FB-A627-5318503C3295}.Debug|Any CPU.Build.0 = Debug|Any CPU
		{7DCD2745-2D9E-48FB-A627-5318503C3295}.Release|Any CPU.ActiveCfg = Release|Any CPU
		{7DCD2745-2D9E-48FB-A627-5318503C3295}.Release|Any CPU.Build.0 = Release|Any CPU
		{115899B4-6357-4C11-9CE5-E54BC6C7B8F7}.Debug|Any CPU.ActiveCfg = Debug|Any CPU
		{115899B4-6357-4C11-9CE5-E54BC6C7B8F7}.Debug|Any CPU.Build.0 = Debug|Any CPU
		{115899B4-6357-4C11-9CE5-E54BC6C7B8F7}.Release|Any CPU.ActiveCfg = Release|Any CPU
		{115899B4-6357-4C11-9CE5-E54BC6C7B8F7}.Release|Any CPU.Build.0 = Release|Any CPU
		{1E704B12-A919-4A6D-BF79-067C5D6589AF}.Debug|Any CPU.ActiveCfg = Debug|Any CPU
		{1E704B12-A919-4A6D-BF79-067C5D6589AF}.Debug|Any CPU.Build.0 = Debug|Any CPU
		{1E704B12-A919-4A6D-BF79-067C5D6589AF}.Release|Any CPU.ActiveCfg = Release|Any CPU
		{1E704B12-A919-4A6D-BF79-067C5D6589AF}.Release|Any CPU.Build.0 = Release|Any CPU
		{3997C430-9238-44DD-AAF2-B391D241F081}.Debug|Any CPU.ActiveCfg = Debug|Any CPU
		{3997C430-9238-44DD-AAF2-B391D241F081}.Debug|Any CPU.Build.0 = Debug|Any CPU
		{3997C430-9238-44DD-AAF2-B391D241F081}.Release|Any CPU.ActiveCfg = Release|Any CPU
		{3997C430-9238-44DD-AAF2-B391D241F081}.Release|Any CPU.Build.0 = Release|Any CPU
		{19B685A8-D0DA-4E46-A67B-68DFE07A8011}.Debug|Any CPU.ActiveCfg = Debug|Any CPU
		{19B685A8-D0DA-4E46-A67B-68DFE07A8011}.Debug|Any CPU.Build.0 = Debug|Any CPU
		{19B685A8-D0DA-4E46-A67B-68DFE07A8011}.Release|Any CPU.ActiveCfg = Release|Any CPU
		{19B685A8-D0DA-4E46-A67B-68DFE07A8011}.Release|Any CPU.Build.0 = Release|Any CPU
		{BD467B89-5C86-4F2A-B795-4C54175D5E26}.Debug|Any CPU.ActiveCfg = Debug|Any CPU
		{BD467B89-5C86-4F2A-B795-4C54175D5E26}.Debug|Any CPU.Build.0 = Debug|Any CPU
		{BD467B89-5C86-4F2A-B795-4C54175D5E26}.Release|Any CPU.ActiveCfg = Release|Any CPU
		{BD467B89-5C86-4F2A-B795-4C54175D5E26}.Release|Any CPU.Build.0 = Release|Any CPU
		{F737DA4F-981D-44ED-A3AB-67864C938A93}.Debug|Any CPU.ActiveCfg = Debug|Any CPU
		{F737DA4F-981D-44ED-A3AB-67864C938A93}.Debug|Any CPU.Build.0 = Debug|Any CPU
		{F737DA4F-981D-44ED-A3AB-67864C938A93}.Release|Any CPU.ActiveCfg = Release|Any CPU
		{F737DA4F-981D-44ED-A3AB-67864C938A93}.Release|Any CPU.Build.0 = Release|Any CPU
		{8AD35AB8-1991-4184-8C4A-656E1F3CF021}.Debug|Any CPU.ActiveCfg = Debug|Any CPU
		{8AD35AB8-1991-4184-8C4A-656E1F3CF021}.Debug|Any CPU.Build.0 = Debug|Any CPU
		{8AD35AB8-1991-4184-8C4A-656E1F3CF021}.Release|Any CPU.ActiveCfg = Release|Any CPU
		{8AD35AB8-1991-4184-8C4A-656E1F3CF021}.Release|Any CPU.Build.0 = Release|Any CPU
		{5D0047E4-181D-45D4-9B80-DFE23CB7C5A8}.Debug|Any CPU.ActiveCfg = Debug|Any CPU
		{5D0047E4-181D-45D4-9B80-DFE23CB7C5A8}.Debug|Any CPU.Build.0 = Debug|Any CPU
		{5D0047E4-181D-45D4-9B80-DFE23CB7C5A8}.Release|Any CPU.ActiveCfg = Release|Any CPU
		{5D0047E4-181D-45D4-9B80-DFE23CB7C5A8}.Release|Any CPU.Build.0 = Release|Any CPU
		{36D4A078-F72D-4517-9DFE-0CD1CF4C4EF5}.Debug|Any CPU.ActiveCfg = Debug|Any CPU
		{36D4A078-F72D-4517-9DFE-0CD1CF4C4EF5}.Debug|Any CPU.Build.0 = Debug|Any CPU
		{36D4A078-F72D-4517-9DFE-0CD1CF4C4EF5}.Release|Any CPU.ActiveCfg = Release|Any CPU
		{36D4A078-F72D-4517-9DFE-0CD1CF4C4EF5}.Release|Any CPU.Build.0 = Release|Any CPU
		{A06B105F-4972-416C-A32F-9234F1A551A5}.Debug|Any CPU.ActiveCfg = Debug|Any CPU
		{A06B105F-4972-416C-A32F-9234F1A551A5}.Debug|Any CPU.Build.0 = Debug|Any CPU
		{A06B105F-4972-416C-A32F-9234F1A551A5}.Release|Any CPU.ActiveCfg = Release|Any CPU
		{A06B105F-4972-416C-A32F-9234F1A551A5}.Release|Any CPU.Build.0 = Release|Any CPU
		{DAF791F2-2966-4F97-AF56-7903BE8F5E4E}.Debug|Any CPU.ActiveCfg = Debug|Any CPU
		{DAF791F2-2966-4F97-AF56-7903BE8F5E4E}.Debug|Any CPU.Build.0 = Debug|Any CPU
		{DAF791F2-2966-4F97-AF56-7903BE8F5E4E}.Release|Any CPU.ActiveCfg = Release|Any CPU
		{DAF791F2-2966-4F97-AF56-7903BE8F5E4E}.Release|Any CPU.Build.0 = Release|Any CPU
		{A61304D1-84CE-48A2-8358-68C6D50B41F2}.Debug|Any CPU.ActiveCfg = Debug|Any CPU
		{A61304D1-84CE-48A2-8358-68C6D50B41F2}.Debug|Any CPU.Build.0 = Debug|Any CPU
		{A61304D1-84CE-48A2-8358-68C6D50B41F2}.Release|Any CPU.ActiveCfg = Release|Any CPU
		{A61304D1-84CE-48A2-8358-68C6D50B41F2}.Release|Any CPU.Build.0 = Release|Any CPU
		{CACF1070-E007-4594-973D-5E433A075497}.Debug|Any CPU.ActiveCfg = Debug|Any CPU
		{CACF1070-E007-4594-973D-5E433A075497}.Debug|Any CPU.Build.0 = Debug|Any CPU
		{CACF1070-E007-4594-973D-5E433A075497}.Release|Any CPU.ActiveCfg = Release|Any CPU
		{CACF1070-E007-4594-973D-5E433A075497}.Release|Any CPU.Build.0 = Release|Any CPU
		{EDF0EAF2-02E9-4985-8ED3-DD54C5204992}.Debug|Any CPU.ActiveCfg = Debug|Any CPU
		{EDF0EAF2-02E9-4985-8ED3-DD54C5204992}.Debug|Any CPU.Build.0 = Debug|Any CPU
		{EDF0EAF2-02E9-4985-8ED3-DD54C5204992}.Release|Any CPU.ActiveCfg = Release|Any CPU
		{EDF0EAF2-02E9-4985-8ED3-DD54C5204992}.Release|Any CPU.Build.0 = Release|Any CPU
		{281154F7-B070-4655-899F-67F32BB7FCFD}.Debug|Any CPU.ActiveCfg = Debug|Any CPU
		{281154F7-B070-4655-899F-67F32BB7FCFD}.Debug|Any CPU.Build.0 = Debug|Any CPU
		{281154F7-B070-4655-899F-67F32BB7FCFD}.Release|Any CPU.ActiveCfg = Release|Any CPU
		{281154F7-B070-4655-899F-67F32BB7FCFD}.Release|Any CPU.Build.0 = Release|Any CPU
		{010C6055-0E59-4E4B-9184-33B06F08B28E}.Debug|Any CPU.ActiveCfg = Debug|Any CPU
		{010C6055-0E59-4E4B-9184-33B06F08B28E}.Debug|Any CPU.Build.0 = Debug|Any CPU
		{010C6055-0E59-4E4B-9184-33B06F08B28E}.Release|Any CPU.ActiveCfg = Release|Any CPU
		{010C6055-0E59-4E4B-9184-33B06F08B28E}.Release|Any CPU.Build.0 = Release|Any CPU
	EndGlobalSection
	GlobalSection(SolutionProperties) = preSolution
		HideSolutionNode = FALSE
	EndGlobalSection
	GlobalSection(ExtensibilityGlobals) = postSolution
		SolutionGuid = {E49D28CD-7DF2-41A8-8072-3C43FE68D8B4}
	EndGlobalSection
EndGlobal
